PODS:
  - boost (1.76.0)
  - DoubleConversion (1.1.6)
  - FBLazyVector (0.72.3)
  - FBReactNativeSpec (0.72.3):
    - RCT-Folly (= 2021.07.22.00)
    - RCTRequired (= 0.72.3)
    - RCTTypeSafety (= 0.72.3)
    - React-Core (= 0.72.3)
    - React-jsi (= 0.72.3)
    - ReactCommon/turbomodule/core (= 0.72.3)
  - fmt (6.2.1)
  - glog (0.3.5)
  - GoogleDataTransport (9.2.5):
    - GoogleUtilities/Environment (~> 7.7)
    - nanopb (< 2.30910.0, >= 2.30908.0)
    - PromisesObjC (< 3.0, >= 1.2)
  - GoogleMLKit/BarcodeScanning (4.0.0):
    - GoogleMLKit/MLKitCore
    - MLKitBarcodeScanning (~> 3.0.0)
  - GoogleMLKit/MLKitCore (4.0.0):
    - MLKitCommon (~> 9.0.0)
  - GoogleToolboxForMac/DebugUtils (2.3.2):
    - GoogleToolboxForMac/Defines (= 2.3.2)
  - GoogleToolboxForMac/Defines (2.3.2)
  - GoogleToolboxForMac/Logger (2.3.2):
    - GoogleToolboxForMac/Defines (= 2.3.2)
  - "GoogleToolboxForMac/NSData+zlib (2.3.2)":
    - GoogleToolboxForMac/Defines (= 2.3.2)
  - "GoogleToolboxForMac/NSDictionary+URLArguments (2.3.2)":
    - GoogleToolboxForMac/DebugUtils (= 2.3.2)
    - GoogleToolboxForMac/Defines (= 2.3.2)
    - "GoogleToolboxForMac/NSString+URLArguments (= 2.3.2)"
  - "GoogleToolboxForMac/NSString+URLArguments (2.3.2)"
  - GoogleUtilities/Environment (7.11.5):
    - PromisesObjC (< 3.0, >= 1.2)
  - GoogleUtilities/Logger (7.11.5):
    - GoogleUtilities/Environment
  - GoogleUtilities/UserDefaults (7.11.5):
    - GoogleUtilities/Logger
  - GoogleUtilitiesComponents (1.1.0):
    - GoogleUtilities/Logger
  - GTMSessionFetcher/Core (2.3.0)
  - hermes-engine (0.72.3):
    - hermes-engine/Pre-built (= 0.72.3)
  - hermes-engine/Pre-built (0.72.3)
  - libevent (2.1.12)
  - MLImage (1.0.0-beta4)
  - MLKitBarcodeScanning (3.0.0):
    - MLKitCommon (~> 9.0)
    - MLKitVision (~> 5.0)
  - MLKitCommon (9.0.0):
    - GoogleDataTransport (~> 9.0)
    - GoogleToolboxForMac/Logger (~> 2.1)
    - "GoogleToolboxForMac/NSData+zlib (~> 2.1)"
    - "GoogleToolboxForMac/NSDictionary+URLArguments (~> 2.1)"
    - GoogleUtilities/UserDefaults (~> 7.0)
    - GoogleUtilitiesComponents (~> 1.0)
    - GTMSessionFetcher/Core (< 3.0, >= 1.1)
  - MLKitVision (5.0.0):
    - GoogleToolboxForMac/Logger (~> 2.1)
    - "GoogleToolboxForMac/NSData+zlib (~> 2.1)"
    - GTMSessionFetcher/Core (< 3.0, >= 1.1)
    - MLImage (= 1.0.0-beta4)
    - MLKitCommon (~> 9.0)
  - nanopb (2.30909.0):
    - nanopb/decode (= 2.30909.0)
    - nanopb/encode (= 2.30909.0)
  - nanopb/decode (2.30909.0)
  - nanopb/encode (2.30909.0)
  - PromisesObjC (2.3.1)
  - RCT-Folly (2021.07.22.00):
    - boost
    - DoubleConversion
    - fmt (~> 6.2.1)
    - glog
    - RCT-Folly/Default (= 2021.07.22.00)
  - RCT-Folly/Default (2021.07.22.00):
    - boost
    - DoubleConversion
    - fmt (~> 6.2.1)
    - glog
  - RCT-Folly/Futures (2021.07.22.00):
    - boost
    - DoubleConversion
    - fmt (~> 6.2.1)
    - glog
    - libevent
  - RCTRequired (0.72.3)
  - RCTTypeSafety (0.72.3):
    - FBLazyVector (= 0.72.3)
    - RCTRequired (= 0.72.3)
    - React-Core (= 0.72.3)
  - React (0.72.3):
    - React-Core (= 0.72.3)
    - React-Core/DevSupport (= 0.72.3)
    - React-Core/RCTWebSocket (= 0.72.3)
    - React-RCTActionSheet (= 0.72.3)
    - React-RCTAnimation (= 0.72.3)
    - React-RCTBlob (= 0.72.3)
    - React-RCTImage (= 0.72.3)
    - React-RCTLinking (= 0.72.3)
    - React-RCTNetwork (= 0.72.3)
    - React-RCTSettings (= 0.72.3)
    - React-RCTText (= 0.72.3)
    - React-RCTVibration (= 0.72.3)
  - React-callinvoker (0.72.3)
  - React-Codegen (0.72.3):
    - DoubleConversion
    - FBReactNativeSpec
    - glog
    - hermes-engine
    - RCT-Folly
    - RCTRequired
    - RCTTypeSafety
    - React-Core
    - React-jsi
    - React-jsiexecutor
    - React-NativeModulesApple
    - React-rncore
    - ReactCommon/turbomodule/bridging
    - ReactCommon/turbomodule/core
  - React-Core (0.72.3):
    - glog
    - hermes-engine
    - RCT-Folly (= 2021.07.22.00)
    - React-Core/Default (= 0.72.3)
    - React-cxxreact
    - React-hermes
    - React-jsi
    - React-jsiexecutor
    - React-perflogger
    - React-runtimeexecutor
    - React-utils
    - SocketRocket (= 0.6.1)
    - Yoga
  - React-Core/CoreModulesHeaders (0.72.3):
    - glog
    - hermes-engine
    - RCT-Folly (= 2021.07.22.00)
    - React-Core/Default
    - React-cxxreact
    - React-hermes
    - React-jsi
    - React-jsiexecutor
    - React-perflogger
    - React-runtimeexecutor
    - React-utils
    - SocketRocket (= 0.6.1)
    - Yoga
  - React-Core/Default (0.72.3):
    - glog
    - hermes-engine
    - RCT-Folly (= 2021.07.22.00)
    - React-cxxreact
    - React-hermes
    - React-jsi
    - React-jsiexecutor
    - React-perflogger
    - React-runtimeexecutor
    - React-utils
    - SocketRocket (= 0.6.1)
    - Yoga
  - React-Core/DevSupport (0.72.3):
    - glog
    - hermes-engine
    - RCT-Folly (= 2021.07.22.00)
    - React-Core/Default (= 0.72.3)
    - React-Core/RCTWebSocket (= 0.72.3)
    - React-cxxreact
    - React-hermes
    - React-jsi
    - React-jsiexecutor
    - React-jsinspector (= 0.72.3)
    - React-perflogger
    - React-runtimeexecutor
    - React-utils
    - SocketRocket (= 0.6.1)
    - Yoga
  - React-Core/RCTActionSheetHeaders (0.72.3):
    - glog
    - hermes-engine
    - RCT-Folly (= 2021.07.22.00)
    - React-Core/Default
    - React-cxxreact
    - React-hermes
    - React-jsi
    - React-jsiexecutor
    - React-perflogger
    - React-runtimeexecutor
    - React-utils
    - SocketRocket (= 0.6.1)
    - Yoga
  - React-Core/RCTAnimationHeaders (0.72.3):
    - glog
    - hermes-engine
    - RCT-Folly (= 2021.07.22.00)
    - React-Core/Default
    - React-cxxreact
    - React-hermes
    - React-jsi
    - React-jsiexecutor
    - React-perflogger
    - React-runtimeexecutor
    - React-utils
    - SocketRocket (= 0.6.1)
    - Yoga
  - React-Core/RCTBlobHeaders (0.72.3):
    - glog
    - hermes-engine
    - RCT-Folly (= 2021.07.22.00)
    - React-Core/Default
    - React-cxxreact
    - React-hermes
    - React-jsi
    - React-jsiexecutor
    - React-perflogger
    - React-runtimeexecutor
    - React-utils
    - SocketRocket (= 0.6.1)
    - Yoga
  - React-Core/RCTImageHeaders (0.72.3):
    - glog
    - hermes-engine
    - RCT-Folly (= 2021.07.22.00)
    - React-Core/Default
    - React-cxxreact
    - React-hermes
    - React-jsi
    - React-jsiexecutor
    - React-perflogger
    - React-runtimeexecutor
    - React-utils
    - SocketRocket (= 0.6.1)
    - Yoga
  - React-Core/RCTLinkingHeaders (0.72.3):
    - glog
    - hermes-engine
    - RCT-Folly (= 2021.07.22.00)
    - React-Core/Default
    - React-cxxreact
    - React-hermes
    - React-jsi
    - React-jsiexecutor
    - React-perflogger
    - React-runtimeexecutor
    - React-utils
    - SocketRocket (= 0.6.1)
    - Yoga
  - React-Core/RCTNetworkHeaders (0.72.3):
    - glog
    - hermes-engine
    - RCT-Folly (= 2021.07.22.00)
    - React-Core/Default
    - React-cxxreact
    - React-hermes
    - React-jsi
    - React-jsiexecutor
    - React-perflogger
    - React-runtimeexecutor
    - React-utils
    - SocketRocket (= 0.6.1)
    - Yoga
  - React-Core/RCTSettingsHeaders (0.72.3):
    - glog
    - hermes-engine
    - RCT-Folly (= 2021.07.22.00)
    - React-Core/Default
    - React-cxxreact
    - React-hermes
    - React-jsi
    - React-jsiexecutor
    - React-perflogger
    - React-runtimeexecutor
    - React-utils
    - SocketRocket (= 0.6.1)
    - Yoga
  - React-Core/RCTTextHeaders (0.72.3):
    - glog
    - hermes-engine
    - RCT-Folly (= 2021.07.22.00)
    - React-Core/Default
    - React-cxxreact
    - React-hermes
    - React-jsi
    - React-jsiexecutor
    - React-perflogger
    - React-runtimeexecutor
    - React-utils
    - SocketRocket (= 0.6.1)
    - Yoga
  - React-Core/RCTVibrationHeaders (0.72.3):
    - glog
    - hermes-engine
    - RCT-Folly (= 2021.07.22.00)
    - React-Core/Default
    - React-cxxreact
    - React-hermes
    - React-jsi
    - React-jsiexecutor
    - React-perflogger
    - React-runtimeexecutor
    - React-utils
    - SocketRocket (= 0.6.1)
    - Yoga
  - React-Core/RCTWebSocket (0.72.3):
    - glog
    - hermes-engine
    - RCT-Folly (= 2021.07.22.00)
    - React-Core/Default (= 0.72.3)
    - React-cxxreact
    - React-hermes
    - React-jsi
    - React-jsiexecutor
    - React-perflogger
    - React-runtimeexecutor
    - React-utils
    - SocketRocket (= 0.6.1)
    - Yoga
  - React-CoreModules (0.72.3):
    - RCT-Folly (= 2021.07.22.00)
    - RCTTypeSafety (= 0.72.3)
    - React-Codegen (= 0.72.3)
    - React-Core/CoreModulesHeaders (= 0.72.3)
    - React-jsi (= 0.72.3)
    - React-RCTBlob
    - React-RCTImage (= 0.72.3)
    - ReactCommon/turbomodule/core (= 0.72.3)
    - SocketRocket (= 0.6.1)
  - React-cxxreact (0.72.3):
    - boost (= 1.76.0)
    - DoubleConversion
    - glog
    - hermes-engine
    - RCT-Folly (= 2021.07.22.00)
    - React-callinvoker (= 0.72.3)
    - React-debug (= 0.72.3)
    - React-jsi (= 0.72.3)
    - React-jsinspector (= 0.72.3)
    - React-logger (= 0.72.3)
    - React-perflogger (= 0.72.3)
    - React-runtimeexecutor (= 0.72.3)
  - React-debug (0.72.3)
  - React-hermes (0.72.3):
    - DoubleConversion
    - glog
    - hermes-engine
    - RCT-Folly (= 2021.07.22.00)
    - RCT-Folly/Futures (= 2021.07.22.00)
    - React-cxxreact (= 0.72.3)
    - React-jsi
    - React-jsiexecutor (= 0.72.3)
    - React-jsinspector (= 0.72.3)
    - React-perflogger (= 0.72.3)
  - React-jsi (0.72.3):
    - boost (= 1.76.0)
    - DoubleConversion
    - glog
    - hermes-engine
    - RCT-Folly (= 2021.07.22.00)
  - React-jsiexecutor (0.72.3):
    - DoubleConversion
    - glog
    - hermes-engine
    - RCT-Folly (= 2021.07.22.00)
    - React-cxxreact (= 0.72.3)
    - React-jsi (= 0.72.3)
    - React-perflogger (= 0.72.3)
  - React-jsinspector (0.72.3)
  - React-logger (0.72.3):
    - glog
  - react-native-worklets-core (0.2.0):
    - React
    - React-callinvoker
    - React-Core
  - React-NativeModulesApple (0.72.3):
    - hermes-engine
    - React-callinvoker
    - React-Core
    - React-cxxreact
    - React-jsi
    - React-runtimeexecutor
    - ReactCommon/turbomodule/bridging
    - ReactCommon/turbomodule/core
  - React-perflogger (0.72.3)
  - React-RCTActionSheet (0.72.3):
    - React-Core/RCTActionSheetHeaders (= 0.72.3)
  - React-RCTAnimation (0.72.3):
    - RCT-Folly (= 2021.07.22.00)
    - RCTTypeSafety (= 0.72.3)
    - React-Codegen (= 0.72.3)
    - React-Core/RCTAnimationHeaders (= 0.72.3)
    - React-jsi (= 0.72.3)
    - ReactCommon/turbomodule/core (= 0.72.3)
  - React-RCTAppDelegate (0.72.3):
    - RCT-Folly
    - RCTRequired
    - RCTTypeSafety
    - React-Core
    - React-CoreModules
    - React-hermes
    - React-NativeModulesApple
    - React-RCTImage
    - React-RCTNetwork
    - React-runtimescheduler
    - ReactCommon/turbomodule/core
  - React-RCTBlob (0.72.3):
    - hermes-engine
    - RCT-Folly (= 2021.07.22.00)
    - React-Codegen (= 0.72.3)
    - React-Core/RCTBlobHeaders (= 0.72.3)
    - React-Core/RCTWebSocket (= 0.72.3)
    - React-jsi (= 0.72.3)
    - React-RCTNetwork (= 0.72.3)
    - ReactCommon/turbomodule/core (= 0.72.3)
  - React-RCTImage (0.72.3):
    - RCT-Folly (= 2021.07.22.00)
    - RCTTypeSafety (= 0.72.3)
    - React-Codegen (= 0.72.3)
    - React-Core/RCTImageHeaders (= 0.72.3)
    - React-jsi (= 0.72.3)
    - React-RCTNetwork (= 0.72.3)
    - ReactCommon/turbomodule/core (= 0.72.3)
  - React-RCTLinking (0.72.3):
    - React-Codegen (= 0.72.3)
    - React-Core/RCTLinkingHeaders (= 0.72.3)
    - React-jsi (= 0.72.3)
    - ReactCommon/turbomodule/core (= 0.72.3)
  - React-RCTNetwork (0.72.3):
    - RCT-Folly (= 2021.07.22.00)
    - RCTTypeSafety (= 0.72.3)
    - React-Codegen (= 0.72.3)
    - React-Core/RCTNetworkHeaders (= 0.72.3)
    - React-jsi (= 0.72.3)
    - ReactCommon/turbomodule/core (= 0.72.3)
  - React-RCTSettings (0.72.3):
    - RCT-Folly (= 2021.07.22.00)
    - RCTTypeSafety (= 0.72.3)
    - React-Codegen (= 0.72.3)
    - React-Core/RCTSettingsHeaders (= 0.72.3)
    - React-jsi (= 0.72.3)
    - ReactCommon/turbomodule/core (= 0.72.3)
  - React-RCTText (0.72.3):
    - React-Core/RCTTextHeaders (= 0.72.3)
  - React-RCTVibration (0.72.3):
    - RCT-Folly (= 2021.07.22.00)
    - React-Codegen (= 0.72.3)
    - React-Core/RCTVibrationHeaders (= 0.72.3)
    - React-jsi (= 0.72.3)
    - ReactCommon/turbomodule/core (= 0.72.3)
  - React-rncore (0.72.3)
  - React-runtimeexecutor (0.72.3):
    - React-jsi (= 0.72.3)
  - React-runtimescheduler (0.72.3):
    - glog
    - hermes-engine
    - RCT-Folly (= 2021.07.22.00)
    - React-callinvoker
    - React-debug
    - React-jsi
    - React-runtimeexecutor
  - React-utils (0.72.3):
    - glog
    - RCT-Folly (= 2021.07.22.00)
    - React-debug
  - ReactCommon/turbomodule/bridging (0.72.3):
    - DoubleConversion
    - glog
    - hermes-engine
    - RCT-Folly (= 2021.07.22.00)
    - React-callinvoker (= 0.72.3)
    - React-cxxreact (= 0.72.3)
    - React-jsi (= 0.72.3)
    - React-logger (= 0.72.3)
    - React-perflogger (= 0.72.3)
  - ReactCommon/turbomodule/core (0.72.3):
    - DoubleConversion
    - glog
    - hermes-engine
    - RCT-Folly (= 2021.07.22.00)
    - React-callinvoker (= 0.72.3)
    - React-cxxreact (= 0.72.3)
    - React-jsi (= 0.72.3)
    - React-logger (= 0.72.3)
    - React-perflogger (= 0.72.3)
  - SocketRocket (0.6.1)
  - VisionCamera (3.0.0):
    - React
    - React-callinvoker
    - React-Core
    - react-native-worklets-core
  - VisionCameraCodeScanner (0.2.0):
    - GoogleMLKit/BarcodeScanning
    - React-Core
    - VisionCamera
  - Yoga (1.14.0)

DEPENDENCIES:
  - boost (from `../node_modules/react-native/third-party-podspecs/boost.podspec`)
  - DoubleConversion (from `../node_modules/react-native/third-party-podspecs/DoubleConversion.podspec`)
  - FBLazyVector (from `../node_modules/react-native/Libraries/FBLazyVector`)
  - FBReactNativeSpec (from `../node_modules/react-native/React/FBReactNativeSpec`)
  - glog (from `../node_modules/react-native/third-party-podspecs/glog.podspec`)
  - hermes-engine (from `../node_modules/react-native/sdks/hermes-engine/hermes-engine.podspec`)
  - libevent (~> 2.1.12)
  - RCT-Folly (from `../node_modules/react-native/third-party-podspecs/RCT-Folly.podspec`)
  - RCTRequired (from `../node_modules/react-native/Libraries/RCTRequired`)
  - RCTTypeSafety (from `../node_modules/react-native/Libraries/TypeSafety`)
  - React (from `../node_modules/react-native/`)
  - React-callinvoker (from `../node_modules/react-native/ReactCommon/callinvoker`)
  - React-Codegen (from `build/generated/ios`)
  - React-Core (from `../node_modules/react-native/`)
  - React-Core/RCTWebSocket (from `../node_modules/react-native/`)
  - React-CoreModules (from `../node_modules/react-native/React/CoreModules`)
  - React-cxxreact (from `../node_modules/react-native/ReactCommon/cxxreact`)
  - React-debug (from `../node_modules/react-native/ReactCommon/react/debug`)
  - React-hermes (from `../node_modules/react-native/ReactCommon/hermes`)
  - React-jsi (from `../node_modules/react-native/ReactCommon/jsi`)
  - React-jsiexecutor (from `../node_modules/react-native/ReactCommon/jsiexecutor`)
  - React-jsinspector (from `../node_modules/react-native/ReactCommon/jsinspector`)
  - React-logger (from `../node_modules/react-native/ReactCommon/logger`)
  - react-native-worklets-core (from `../node_modules/react-native-worklets-core`)
  - React-NativeModulesApple (from `../node_modules/react-native/ReactCommon/react/nativemodule/core/platform/ios`)
  - React-perflogger (from `../node_modules/react-native/ReactCommon/reactperflogger`)
  - React-RCTActionSheet (from `../node_modules/react-native/Libraries/ActionSheetIOS`)
  - React-RCTAnimation (from `../node_modules/react-native/Libraries/NativeAnimation`)
  - React-RCTAppDelegate (from `../node_modules/react-native/Libraries/AppDelegate`)
  - React-RCTBlob (from `../node_modules/react-native/Libraries/Blob`)
  - React-RCTImage (from `../node_modules/react-native/Libraries/Image`)
  - React-RCTLinking (from `../node_modules/react-native/Libraries/LinkingIOS`)
  - React-RCTNetwork (from `../node_modules/react-native/Libraries/Network`)
  - React-RCTSettings (from `../node_modules/react-native/Libraries/Settings`)
  - React-RCTText (from `../node_modules/react-native/Libraries/Text`)
  - React-RCTVibration (from `../node_modules/react-native/Libraries/Vibration`)
  - React-rncore (from `../node_modules/react-native/ReactCommon`)
  - React-runtimeexecutor (from `../node_modules/react-native/ReactCommon/runtimeexecutor`)
  - React-runtimescheduler (from `../node_modules/react-native/ReactCommon/react/renderer/runtimescheduler`)
  - React-utils (from `../node_modules/react-native/ReactCommon/react/utils`)
  - ReactCommon/turbomodule/core (from `../node_modules/react-native/ReactCommon`)
  - VisionCamera (from `../node_modules/react-native-vision-camera`)
  - VisionCameraCodeScanner (from `../..`)
  - Yoga (from `../node_modules/react-native/ReactCommon/yoga`)

SPEC REPOS:
  trunk:
    - fmt
    - GoogleDataTransport
    - GoogleMLKit
    - GoogleToolboxForMac
    - GoogleUtilities
    - GoogleUtilitiesComponents
    - GTMSessionFetcher
    - libevent
    - MLImage
    - MLKitBarcodeScanning
    - MLKitCommon
    - MLKitVision
    - nanopb
    - PromisesObjC
    - SocketRocket

EXTERNAL SOURCES:
  boost:
    :podspec: "../node_modules/react-native/third-party-podspecs/boost.podspec"
  DoubleConversion:
    :podspec: "../node_modules/react-native/third-party-podspecs/DoubleConversion.podspec"
  FBLazyVector:
    :path: "../node_modules/react-native/Libraries/FBLazyVector"
  FBReactNativeSpec:
    :path: "../node_modules/react-native/React/FBReactNativeSpec"
  glog:
    :podspec: "../node_modules/react-native/third-party-podspecs/glog.podspec"
  hermes-engine:
    :podspec: "../node_modules/react-native/sdks/hermes-engine/hermes-engine.podspec"
    :tag: hermes-2023-03-20-RNv0.72.0-49794cfc7c81fb8f69fd60c3bbf85a7480cc5a77
  RCT-Folly:
    :podspec: "../node_modules/react-native/third-party-podspecs/RCT-Folly.podspec"
  RCTRequired:
    :path: "../node_modules/react-native/Libraries/RCTRequired"
  RCTTypeSafety:
    :path: "../node_modules/react-native/Libraries/TypeSafety"
  React:
    :path: "../node_modules/react-native/"
  React-callinvoker:
    :path: "../node_modules/react-native/ReactCommon/callinvoker"
  React-Codegen:
    :path: build/generated/ios
  React-Core:
    :path: "../node_modules/react-native/"
  React-CoreModules:
    :path: "../node_modules/react-native/React/CoreModules"
  React-cxxreact:
    :path: "../node_modules/react-native/ReactCommon/cxxreact"
  React-debug:
    :path: "../node_modules/react-native/ReactCommon/react/debug"
  React-hermes:
    :path: "../node_modules/react-native/ReactCommon/hermes"
  React-jsi:
    :path: "../node_modules/react-native/ReactCommon/jsi"
  React-jsiexecutor:
    :path: "../node_modules/react-native/ReactCommon/jsiexecutor"
  React-jsinspector:
    :path: "../node_modules/react-native/ReactCommon/jsinspector"
  React-logger:
    :path: "../node_modules/react-native/ReactCommon/logger"
  react-native-worklets-core:
    :path: "../node_modules/react-native-worklets-core"
  React-NativeModulesApple:
    :path: "../node_modules/react-native/ReactCommon/react/nativemodule/core/platform/ios"
  React-perflogger:
    :path: "../node_modules/react-native/ReactCommon/reactperflogger"
  React-RCTActionSheet:
    :path: "../node_modules/react-native/Libraries/ActionSheetIOS"
  React-RCTAnimation:
    :path: "../node_modules/react-native/Libraries/NativeAnimation"
  React-RCTAppDelegate:
    :path: "../node_modules/react-native/Libraries/AppDelegate"
  React-RCTBlob:
    :path: "../node_modules/react-native/Libraries/Blob"
  React-RCTImage:
    :path: "../node_modules/react-native/Libraries/Image"
  React-RCTLinking:
    :path: "../node_modules/react-native/Libraries/LinkingIOS"
  React-RCTNetwork:
    :path: "../node_modules/react-native/Libraries/Network"
  React-RCTSettings:
    :path: "../node_modules/react-native/Libraries/Settings"
  React-RCTText:
    :path: "../node_modules/react-native/Libraries/Text"
  React-RCTVibration:
    :path: "../node_modules/react-native/Libraries/Vibration"
  React-rncore:
    :path: "../node_modules/react-native/ReactCommon"
  React-runtimeexecutor:
    :path: "../node_modules/react-native/ReactCommon/runtimeexecutor"
  React-runtimescheduler:
    :path: "../node_modules/react-native/ReactCommon/react/renderer/runtimescheduler"
  React-utils:
    :path: "../node_modules/react-native/ReactCommon/react/utils"
  ReactCommon:
    :path: "../node_modules/react-native/ReactCommon"
  VisionCamera:
    :path: "../node_modules/react-native-vision-camera"
  VisionCameraCodeScanner:
    :path: "../.."
  Yoga:
    :path: "../node_modules/react-native/ReactCommon/yoga"

SPEC CHECKSUMS:
  boost: 57d2868c099736d80fcd648bf211b4431e51a558
  DoubleConversion: 5189b271737e1565bdce30deb4a08d647e3f5f54
  FBLazyVector: 4cce221dd782d3ff7c4172167bba09d58af67ccb
  FBReactNativeSpec: c6bd9e179757b3c0ecf815864fae8032377903ef
  fmt: ff9d55029c625d3757ed641535fd4a75fedc7ce9
  glog: 04b94705f318337d7ead9e6d17c019bd9b1f6b1b
  GoogleDataTransport: 54dee9d48d14580407f8f5fbf2f496e92437a2f2
  GoogleMLKit: 2bd0dc6253c4d4f227aad460f69215a504b2980e
  GoogleToolboxForMac: 8bef7c7c5cf7291c687cf5354f39f9db6399ad34
  GoogleUtilities: 13e2c67ede716b8741c7989e26893d151b2b2084
  GoogleUtilitiesComponents: 679b2c881db3b615a2777504623df6122dd20afe
  GTMSessionFetcher: 3a63d75eecd6aa32c2fc79f578064e1214dfdec2
  hermes-engine: 10fbd3f62405c41ea07e71973ea61e1878d07322
  libevent: 4049cae6c81cdb3654a443be001fb9bdceff7913
  MLImage: 7bb7c4264164ade9bf64f679b40fb29c8f33ee9b
  MLKitBarcodeScanning: 04e264482c5f3810cb89ebc134ef6b61e67db505
  MLKitCommon: c1b791c3e667091918d91bda4bba69a91011e390
  MLKitVision: 8baa5f46ee3352614169b85250574fde38c36f49
  nanopb: b552cce312b6c8484180ef47159bc0f65a1f0431
  PromisesObjC: c50d2056b5253dadbd6c2bea79b0674bd5a52fa4
  RCT-Folly: 424b8c9a7a0b9ab2886ffe9c3b041ef628fd4fb1
  RCTRequired: a2faf4bad4e438ca37b2040cb8f7799baa065c18
  RCTTypeSafety: cb09f3e4747b6d18331a15eb05271de7441ca0b3
  React: 13109005b5353095c052f26af37413340ccf7a5d
  React-callinvoker: c8c87bce983aa499c13cb06d4447c025a35274d6
  React-Codegen: 56d9e5db91c1f2f10b106d8426dde6ff914bc88b
  React-Core: aaacca67f9ca54f142827e67f44bfbd815875eb6
  React-CoreModules: 32fab1d62416849a3b6dac6feff9d54e5ddc2d1e
  React-cxxreact: 37765b4975541105b2a3322a4b473417c158c869
  React-debug: 5b699e3436ad0dbebcc1d409da20fac4260427aa
  React-hermes: 935ae71fb3d7654e947beba8498835cd5e479707
  React-jsi: ec628dc7a15ffea969f237b0ea6d2fde212b19dd
  React-jsiexecutor: 59d1eb03af7d30b7d66589c410f13151271e8006
  React-jsinspector: b511447170f561157547bc0bef3f169663860be7
  React-logger: c5b527272d5f22eaa09bb3c3a690fee8f237ae95
  react-native-worklets-core: 7ad416a8965086b98b07964f7f6932560a54a14c
  React-NativeModulesApple: 38fbab973ba72efc9c4f16da73c11fa5a2cbd8a7
  React-perflogger: 6bd153e776e6beed54c56b0847e1220a3ff92ba5
  React-RCTActionSheet: c0b62af44e610e69d9a2049a682f5dba4e9dff17
  React-RCTAnimation: fe7005136b58f58871cab2f70732343b6e330d30
  React-RCTAppDelegate: 004661e37e38e5378b42e7b40b3843e2ed9adf43
  React-RCTBlob: 7c1544c4581313d7f07dc2130bb1622cebde8039
  React-RCTImage: f80d68a674b84db1322bbe287d82501fcd7b28b1
  React-RCTLinking: a3cf63eb18070cfa90499ee9cbbc88ad33338b3d
  React-RCTNetwork: abde2f1c54ad9b42824685a8b2c854a25274d719
  React-RCTSettings: 6cb55e98d630e3594482b5a790c7655eddd805bd
  React-RCTText: 19425aea9d8b6ccae55a27916355b17ab577e56e
  React-RCTVibration: ea3a68a49873a54ced927c90923fc6932baf344a
  React-rncore: 9672a017af4a7da7495d911f0b690cbcae9dd18d
  React-runtimeexecutor: 369ae9bb3f83b65201c0c8f7d50b72280b5a1dbc
  React-runtimescheduler: efef64702d99b55163089db5b131d11925e973d6
  React-utils: 25a2f8daae645c25db05600fe1878df0b25601e7
  ReactCommon: 35f77a684d8e2b6fc686e61fa4fedda6967ee117
  SocketRocket: f32cd54efbe0f095c4d7594881e52619cfe80b17
  VisionCamera: 9be9a96959550faba434896a60fc1be843fca5af
  VisionCameraCodeScanner: d5db4e917a0ebcb91279a423582b6a67a52dfd89
  Yoga: 8796b55dba14d7004f980b54bcc9833ee45b28ce

PODFILE CHECKSUM: 59627a79d96431efda3f741707807636034a42fe

COCOAPODS: 1.12.1
